
Microsoft Visual Studio Solution File, Format Version 12.00
# Visual Studio Version 16
VisualStudioVersion = 25.0.1700.7
MinimumVisualStudioVersion = 10.0.40219.1
Project("{FAE04EC0-301F-11D3-BF4B-00C04F79EFBC}") = "Team_3_BucHunt_WebApp", "Team_3_BucHunt_WebApp\Team_3_BucHunt_WebApp.csproj", "{504894BC-9563-4A52-BF6F-E522C8FBD21C}"
EndProject
Global
	GlobalSection(SolutionConfigurationPlatforms) = preSolution
		Debug|Any CPU = Debug|Any CPU
		Release|Any CPU = Release|Any CPU
	EndGlobalSection
	GlobalSection(ProjectConfigurationPlatforms) = postSolution
		{504894BC-9563-4A52-BF6F-E522C8FBD21C}.Debug|Any CPU.ActiveCfg = Debug|Any CPU
		{504894BC-9563-4A52-BF6F-E522C8FBD21C}.Debug|Any CPU.Build.0 = Debug|Any CPU
		{504894BC-9563-4A52-BF6F-E522C8FBD21C}.Release|Any CPU.ActiveCfg = Release|Any CPU
		{504894BC-9563-4A52-BF6F-E522C8FBD21C}.Release|Any CPU.Build.0 = Release|Any CPU
	EndGlobalSection
	GlobalSection(SolutionProperties) = preSolution
		HideSolutionNode = FALSE
	EndGlobalSection
	GlobalSection(ExtensibilityGlobals) = postSolution
		SolutionGuid = {566EC253-10C3-4CE2-8717-97E227E8F34F}
	EndGlobalSection
EndGlobal
